
Microsoft Visual Studio Solution File, Format Version 12.00
# Visual Studio Version 16
VisualStudioVersion = 16.0.31205.134
MinimumVisualStudioVersion = 10.0.40219.1
Project("{2150E333-8FDC-42A3-9474-1A3956D46DE8}") = "Upsilon.Common", "Upsilon.Common", "{739B6960-E79D-4422-BD3D-EB0E6D566CCB}"
EndProject
Project("{2150E333-8FDC-42A3-9474-1A3956D46DE8}") = "Upsilon.Database", "Upsilon.Database", "{6CF6070D-7C78-40F0-9AC7-2555BA025946}"
EndProject
Project("{2150E333-8FDC-42A3-9474-1A3956D46DE8}") = "UnitTests", "UnitTests", "{BADC3138-1E70-4CF1-94B9-BAE812071DA4}"
EndProject
Project("{9A19103F-16F7-4668-BE54-9A1E7A4F7556}") = "Upsilon.Common.Library", "Upsilon\Common\Library\Upsilon.Common.Library.csproj", "{96C28D11-80D4-4F16-BC61-7141234DEFDA}"
EndProject
Project("{9A19103F-16F7-4668-BE54-9A1E7A4F7556}") = "Upsilon.Common.MetaHelper", "Upsilon\Common\MetaHelper\Upsilon.Common.MetaHelper.csproj", "{76DE852F-4573-4EA3-9FF9-0A0A629F1593}"
EndProject
Project("{9A19103F-16F7-4668-BE54-9A1E7A4F7556}") = "Upsilon.Common.Library.UnitTests", "Upsilon\UnitTests\Upsilon.Common.Library.UnitTests\Upsilon.Common.Library.UnitTests.csproj", "{0EBEC57A-A82D-4388-A167-166B0C4648AB}"
EndProject
Project("{9A19103F-16F7-4668-BE54-9A1E7A4F7556}") = "Upsilon.Database.Library", "Upsilon\Database\Library\Upsilon.Database.Library.csproj", "{978C5F59-53BA-4414-9F33-046C1E29BE29}"
EndProject
Project("{9A19103F-16F7-4668-BE54-9A1E7A4F7556}") = "Upsilon.Database.Library.UnitTests", "Upsilon\UnitTests\Upsilon.Database.Library.UnitTests\Upsilon.Database.Library.UnitTests.csproj", "{1A82E814-4C33-401D-8569-6C842280905C}"
EndProject
Project("{2150E333-8FDC-42A3-9474-1A3956D46DE8}") = "Upsilon.Tools", "Upsilon.Tools", "{93203DB7-FEDF-4205-8A67-2EB4F28F2125}"
EndProject
Project("{2150E333-8FDC-42A3-9474-1A3956D46DE8}") = "Upsilon.Applications", "Upsilon.Applications", "{54719308-C58F-45EC-ABCA-EAA9430B7286}"
EndProject
Project("{2150E333-8FDC-42A3-9474-1A3956D46DE8}") = "YDBDesigner", "YDBDesigner", "{7E23BBB6-EB3F-4E2B-BD2A-D638A291DD47}"
EndProject
Project("{9A19103F-16F7-4668-BE54-9A1E7A4F7556}") = "Upsilon.Tools.YDBDesigner.GUI", "Upsilon\Tools\YDBDesigner\GUI\Upsilon.Tools.YDBDesigner.GUI.csproj", "{3E82BF19-97B3-4AAF-B133-24174D7E5E3B}"
EndProject
Project("{9A19103F-16F7-4668-BE54-9A1E7A4F7556}") = "Upsilon.Tools.YDBDesigner.Core", "Upsilon\Tools\YDBDesigner\Core\Upsilon.Tools.YDBDesigner.Core.csproj", "{801F9DE8-551E-48C9-BDA0-3C561B3F239C}"
EndProject
Project("{9A19103F-16F7-4668-BE54-9A1E7A4F7556}") = "Upsilon.Common.Forms", "Upsilon\Common\Forms\Upsilon.Common.Forms.csproj", "{99BB3325-703B-4102-9081-C5C04B71E710}"
EndProject
Project("{9A19103F-16F7-4668-BE54-9A1E7A4F7556}") = "Draft", "Draft\Draft.csproj", "{70957FE6-675E-46A7-82DF-F64A1ECE9304}"
EndProject
Project("{2150E333-8FDC-42A3-9474-1A3956D46DE8}") = "Solution Items", "Solution Items", "{ED7631B0-E7A5-4B6A-9D2A-589B68CEEA21}"
	ProjectSection(SolutionItems) = preProject
		ToDoList.txt = ToDoList.txt
	EndProjectSection
EndProject
Project("{2150E333-8FDC-42A3-9474-1A3956D46DE8}") = "deploy", "deploy", "{D03BA6C2-07CF-453E-9760-ED52F40E82C1}"
	ProjectSection(SolutionItems) = preProject
		Deploy\deploy.json = Deploy\deploy.json
		Deploy\DeployProcess.txt = Deploy\DeployProcess.txt
	EndProjectSection
EndProject
Project("{2150E333-8FDC-42A3-9474-1A3956D46DE8}") = "Documentation", "Documentation", "{F8AB5EFF-1649-420B-98B9-C8D020246565}"
EndProject
Project("{7CF6DF6D-3B04-46F8-A40B-537D21BCA0B4}") = "UpsilonEcosystem.Documentation", "Documentation\UpsilonEcosystem.Documentation.shfbproj", "{C5956C50-95B5-415A-ABB7-7B21F2A29E29}"
EndProject
Project("{2150E333-8FDC-42A3-9474-1A3956D46DE8}") = "ReleaseManagementTool", "ReleaseManagementTool", "{A94A450D-09FB-4DBB-B69A-1D92E5ED759A}"
EndProject
Project("{9A19103F-16F7-4668-BE54-9A1E7A4F7556}") = "Upsilon.Tools.ReleaseManagementTool.GUI", "Upsilon\Tools\ReleaseManagementTool\GUI\Upsilon.Tools.ReleaseManagementTool.GUI.csproj", "{5B6F6EDB-FD32-4F58-A2EE-5D9669670209}"
EndProject
Project("{9A19103F-16F7-4668-BE54-9A1E7A4F7556}") = "Upsilon.Tools.ReleaseManagementTool.Core", "Upsilon\Tools\ReleaseManagementTool\Core\Upsilon.Tools.ReleaseManagementTool.Core.csproj", "{AFC229A1-C567-47A3-AA1A-2B6A8C5AFFD4}"
EndProject
Global
	GlobalSection(SolutionConfigurationPlatforms) = preSolution
		Debug|Any CPU = Debug|Any CPU
		Release|Any CPU = Release|Any CPU
	EndGlobalSection
	GlobalSection(ProjectConfigurationPlatforms) = postSolution
		{96C28D11-80D4-4F16-BC61-7141234DEFDA}.Debug|Any CPU.ActiveCfg = Debug|Any CPU
		{96C28D11-80D4-4F16-BC61-7141234DEFDA}.Debug|Any CPU.Build.0 = Debug|Any CPU
		{96C28D11-80D4-4F16-BC61-7141234DEFDA}.Release|Any CPU.ActiveCfg = Release|Any CPU
		{96C28D11-80D4-4F16-BC61-7141234DEFDA}.Release|Any CPU.Build.0 = Release|Any CPU
		{76DE852F-4573-4EA3-9FF9-0A0A629F1593}.Debug|Any CPU.ActiveCfg = Debug|Any CPU
		{76DE852F-4573-4EA3-9FF9-0A0A629F1593}.Debug|Any CPU.Build.0 = Debug|Any CPU
		{76DE852F-4573-4EA3-9FF9-0A0A629F1593}.Release|Any CPU.ActiveCfg = Release|Any CPU
		{76DE852F-4573-4EA3-9FF9-0A0A629F1593}.Release|Any CPU.Build.0 = Release|Any CPU
		{0EBEC57A-A82D-4388-A167-166B0C4648AB}.Debug|Any CPU.ActiveCfg = Debug|Any CPU
		{0EBEC57A-A82D-4388-A167-166B0C4648AB}.Debug|Any CPU.Build.0 = Debug|Any CPU
		{0EBEC57A-A82D-4388-A167-166B0C4648AB}.Release|Any CPU.ActiveCfg = Release|Any CPU
		{0EBEC57A-A82D-4388-A167-166B0C4648AB}.Release|Any CPU.Build.0 = Release|Any CPU
		{978C5F59-53BA-4414-9F33-046C1E29BE29}.Debug|Any CPU.ActiveCfg = Debug|Any CPU
		{978C5F59-53BA-4414-9F33-046C1E29BE29}.Debug|Any CPU.Build.0 = Debug|Any CPU
		{978C5F59-53BA-4414-9F33-046C1E29BE29}.Release|Any CPU.ActiveCfg = Release|Any CPU
		{978C5F59-53BA-4414-9F33-046C1E29BE29}.Release|Any CPU.Build.0 = Release|Any CPU
		{1A82E814-4C33-401D-8569-6C842280905C}.Debug|Any CPU.ActiveCfg = Debug|Any CPU
		{1A82E814-4C33-401D-8569-6C842280905C}.Debug|Any CPU.Build.0 = Debug|Any CPU
		{1A82E814-4C33-401D-8569-6C842280905C}.Release|Any CPU.ActiveCfg = Release|Any CPU
		{1A82E814-4C33-401D-8569-6C842280905C}.Release|Any CPU.Build.0 = Release|Any CPU
		{3E82BF19-97B3-4AAF-B133-24174D7E5E3B}.Debug|Any CPU.ActiveCfg = Debug|Any CPU
		{3E82BF19-97B3-4AAF-B133-24174D7E5E3B}.Debug|Any CPU.Build.0 = Debug|Any CPU
		{3E82BF19-97B3-4AAF-B133-24174D7E5E3B}.Release|Any CPU.ActiveCfg = Release|Any CPU
		{3E82BF19-97B3-4AAF-B133-24174D7E5E3B}.Release|Any CPU.Build.0 = Release|Any CPU
		{801F9DE8-551E-48C9-BDA0-3C561B3F239C}.Debug|Any CPU.ActiveCfg = Debug|Any CPU
		{801F9DE8-551E-48C9-BDA0-3C561B3F239C}.Debug|Any CPU.Build.0 = Debug|Any CPU
		{801F9DE8-551E-48C9-BDA0-3C561B3F239C}.Release|Any CPU.ActiveCfg = Release|Any CPU
		{801F9DE8-551E-48C9-BDA0-3C561B3F239C}.Release|Any CPU.Build.0 = Release|Any CPU
		{99BB3325-703B-4102-9081-C5C04B71E710}.Debug|Any CPU.ActiveCfg = Debug|Any CPU
		{99BB3325-703B-4102-9081-C5C04B71E710}.Debug|Any CPU.Build.0 = Debug|Any CPU
		{99BB3325-703B-4102-9081-C5C04B71E710}.Release|Any CPU.ActiveCfg = Release|Any CPU
		{99BB3325-703B-4102-9081-C5C04B71E710}.Release|Any CPU.Build.0 = Release|Any CPU
		{70957FE6-675E-46A7-82DF-F64A1ECE9304}.Debug|Any CPU.ActiveCfg = Debug|Any CPU
		{70957FE6-675E-46A7-82DF-F64A1ECE9304}.Debug|Any CPU.Build.0 = Debug|Any CPU
		{70957FE6-675E-46A7-82DF-F64A1ECE9304}.Release|Any CPU.ActiveCfg = Release|Any CPU
		{70957FE6-675E-46A7-82DF-F64A1ECE9304}.Release|Any CPU.Build.0 = Release|Any CPU
		{C5956C50-95B5-415A-ABB7-7B21F2A29E29}.Debug|Any CPU.ActiveCfg = Debug|Any CPU
		{C5956C50-95B5-415A-ABB7-7B21F2A29E29}.Release|Any CPU.ActiveCfg = Release|Any CPU
		{C5956C50-95B5-415A-ABB7-7B21F2A29E29}.Release|Any CPU.Build.0 = Release|Any CPU
		{5B6F6EDB-FD32-4F58-A2EE-5D9669670209}.Debug|Any CPU.ActiveCfg = Debug|Any CPU
		{5B6F6EDB-FD32-4F58-A2EE-5D9669670209}.Debug|Any CPU.Build.0 = Debug|Any CPU
		{5B6F6EDB-FD32-4F58-A2EE-5D9669670209}.Release|Any CPU.ActiveCfg = Release|Any CPU
		{5B6F6EDB-FD32-4F58-A2EE-5D9669670209}.Release|Any CPU.Build.0 = Release|Any CPU
		{AFC229A1-C567-47A3-AA1A-2B6A8C5AFFD4}.Debug|Any CPU.ActiveCfg = Debug|Any CPU
		{AFC229A1-C567-47A3-AA1A-2B6A8C5AFFD4}.Debug|Any CPU.Build.0 = Debug|Any CPU
		{AFC229A1-C567-47A3-AA1A-2B6A8C5AFFD4}.Release|Any CPU.ActiveCfg = Release|Any CPU
		{AFC229A1-C567-47A3-AA1A-2B6A8C5AFFD4}.Release|Any CPU.Build.0 = Release|Any CPU
	EndGlobalSection
	GlobalSection(SolutionProperties) = preSolution
		HideSolutionNode = FALSE
	EndGlobalSection
	GlobalSection(NestedProjects) = preSolution
		{96C28D11-80D4-4F16-BC61-7141234DEFDA} = {739B6960-E79D-4422-BD3D-EB0E6D566CCB}
		{76DE852F-4573-4EA3-9FF9-0A0A629F1593} = {739B6960-E79D-4422-BD3D-EB0E6D566CCB}
		{0EBEC57A-A82D-4388-A167-166B0C4648AB} = {BADC3138-1E70-4CF1-94B9-BAE812071DA4}
		{978C5F59-53BA-4414-9F33-046C1E29BE29} = {6CF6070D-7C78-40F0-9AC7-2555BA025946}
		{1A82E814-4C33-401D-8569-6C842280905C} = {BADC3138-1E70-4CF1-94B9-BAE812071DA4}
		{7E23BBB6-EB3F-4E2B-BD2A-D638A291DD47} = {93203DB7-FEDF-4205-8A67-2EB4F28F2125}
		{3E82BF19-97B3-4AAF-B133-24174D7E5E3B} = {7E23BBB6-EB3F-4E2B-BD2A-D638A291DD47}
		{801F9DE8-551E-48C9-BDA0-3C561B3F239C} = {7E23BBB6-EB3F-4E2B-BD2A-D638A291DD47}
		{99BB3325-703B-4102-9081-C5C04B71E710} = {739B6960-E79D-4422-BD3D-EB0E6D566CCB}
		{D03BA6C2-07CF-453E-9760-ED52F40E82C1} = {ED7631B0-E7A5-4B6A-9D2A-589B68CEEA21}
		{C5956C50-95B5-415A-ABB7-7B21F2A29E29} = {F8AB5EFF-1649-420B-98B9-C8D020246565}
		{A94A450D-09FB-4DBB-B69A-1D92E5ED759A} = {93203DB7-FEDF-4205-8A67-2EB4F28F2125}
		{5B6F6EDB-FD32-4F58-A2EE-5D9669670209} = {A94A450D-09FB-4DBB-B69A-1D92E5ED759A}
		{AFC229A1-C567-47A3-AA1A-2B6A8C5AFFD4} = {A94A450D-09FB-4DBB-B69A-1D92E5ED759A}
	EndGlobalSection
	GlobalSection(ExtensibilityGlobals) = postSolution
		SolutionGuid = {D3BC83A0-7CE1-4C7A-9EAE-EFBB240E1DB5}
	EndGlobalSection
EndGlobal
